
Microsoft Visual Studio Solution File, Format Version 12.00
# Visual Studio Version 16
VisualStudioVersion = 16.0.29613.14
MinimumVisualStudioVersion = 10.0.40219.1
Project("{FAE04EC0-301F-11D3-BF4B-00C04F79EFBC}") = "VariablesWithDatatypes", "VariablesWithDatatypes.csproj", "{A294BC0D-D60F-4CBA-A7FB-8B2FF71FB590}"
EndProject
Global
	GlobalSection(SolutionConfigurationPlatforms) = preSolution
		Debug|Any CPU = Debug|Any CPU
		Release|Any CPU = Release|Any CPU
	EndGlobalSection
	GlobalSection(ProjectConfigurationPlatforms) = postSolution
		{A294BC0D-D60F-4CBA-A7FB-8B2FF71FB590}.Debug|Any CPU.ActiveCfg = Debug|Any CPU
		{A294BC0D-D60F-4CBA-A7FB-8B2FF71FB590}.Debug|Any CPU.Build.0 = Debug|Any CPU
		{A294BC0D-D60F-4CBA-A7FB-8B2FF71FB590}.Release|Any CPU.ActiveCfg = Release|Any CPU
		{A294BC0D-D60F-4CBA-A7FB-8B2FF71FB590}.Release|Any CPU.Build.0 = Release|Any CPU
	EndGlobalSection
	GlobalSection(SolutionProperties) = preSolution
		HideSolutionNode = FALSE
	EndGlobalSection
	GlobalSection(ExtensibilityGlobals) = postSolution
		SolutionGuid = {5E9DA991-9E27-403B-A616-2AA0828BAFA8}
	EndGlobalSection
EndGlobal
